// !$*UTF8*$!
{
	archiveVersion = 1;
	classes = {
	};
	objectVersion = 56;
	objects = {

/* Begin PBXBuildFile section */
		0FDC9C102A37382400D87915 /* TCA_QuotesApp.swift in Sources */ = {isa = PBXBuildFile; fileRef = 0FDC9C0F2A37382400D87915 /* TCA_QuotesApp.swift */; };
		0FDC9C122A37382400D87915 /* ContentView.swift in Sources */ = {isa = PBXBuildFile; fileRef = 0FDC9C112A37382400D87915 /* ContentView.swift */; };
		0FDC9C142A37382500D87915 /* Assets.xcassets in Resources */ = {isa = PBXBuildFile; fileRef = 0FDC9C132A37382500D87915 /* Assets.xcassets */; };
		0FDC9C172A37382500D87915 /* Preview Assets.xcassets in Resources */ = {isa = PBXBuildFile; fileRef = 0FDC9C162A37382500D87915 /* Preview Assets.xcassets */; };
		0FDC9C212A37382500D87915 /* TCA_QuotesTests.swift in Sources */ = {isa = PBXBuildFile; fileRef = 0FDC9C202A37382500D87915 /* TCA_QuotesTests.swift */; };
		0FDC9C2B2A37382500D87915 /* TCA_QuotesUITests.swift in Sources */ = {isa = PBXBuildFile; fileRef = 0FDC9C2A2A37382500D87915 /* TCA_QuotesUITests.swift */; };
		0FDC9C2D2A37382500D87915 /* TCA_QuotesUITestsLaunchTests.swift in Sources */ = {isa = PBXBuildFile; fileRef = 0FDC9C2C2A37382500D87915 /* TCA_QuotesUITestsLaunchTests.swift */; };
/* End PBXBuildFile section */

/* Begin PBXContainerItemProxy section */
		0FDC9C1D2A37382500D87915 /* PBXContainerItemProxy */ = {
			isa = PBXContainerItemProxy;
			containerPortal = 0FDC9C042A37382300D87915 /* Project object */;
			proxyType = 1;
			remoteGlobalIDString = 0FDC9C0B2A37382400D87915;
			remoteInfo = "TCA Quotes";
		};
		0FDC9C272A37382500D87915 /* PBXContainerItemProxy */ = {
			isa = PBXContainerItemProxy;
			containerPortal = 0FDC9C042A37382300D87915 /* Project object */;
			proxyType = 1;
			remoteGlobalIDString = 0FDC9C0B2A37382400D87915;
			remoteInfo = "TCA Quotes";
		};
/* End PBXContainerItemProxy section */

/* Begin PBXFileReference section */
		0FDC9C0C2A37382400D87915 /* TCA Quotes.app */ = {isa = PBXFileReference; explicitFileType = wrapper.application; includeInIndex = 0; path = "TCA Quotes.app"; sourceTree = BUILT_PRODUCTS_DIR; };
		0FDC9C0F2A37382400D87915 /* TCA_QuotesApp.swift */ = {isa = PBXFileReference; lastKnownFileType = sourcecode.swift; path = TCA_QuotesApp.swift; sourceTree = "<group>"; };
		0FDC9C112A37382400D87915 /* ContentView.swift */ = {isa = PBXFileReference; lastKnownFileType = sourcecode.swift; path = ContentView.swift; sourceTree = "<group>"; };
		0FDC9C132A37382500D87915 /* Assets.xcassets */ = {isa = PBXFileReference; lastKnownFileType = folder.assetcatalog; path = Assets.xcassets; sourceTree = "<group>"; };
		0FDC9C162A37382500D87915 /* Preview Assets.xcassets */ = {isa = PBXFileReference; lastKnownFileType = folder.assetcatalog; path = "Preview Assets.xcassets"; sourceTree = "<group>"; };
		0FDC9C1C2A37382500D87915 /* TCA QuotesTests.xctest */ = {isa = PBXFileReference; explicitFileType = wrapper.cfbundle; includeInIndex = 0; path = "TCA QuotesTests.xctest"; sourceTree = BUILT_PRODUCTS_DIR; };
		0FDC9C202A37382500D87915 /* TCA_QuotesTests.swift */ = {isa = PBXFileReference; lastKnownFileType = sourcecode.swift; path = TCA_QuotesTests.swift; sourceTree = "<group>"; };
		0FDC9C262A37382500D87915 /* TCA QuotesUITests.xctest */ = {isa = PBXFileReference; explicitFileType = wrapper.cfbundle; includeInIndex = 0; path = "TCA QuotesUITests.xctest"; sourceTree = BUILT_PRODUCTS_DIR; };
		0FDC9C2A2A37382500D87915 /* TCA_QuotesUITests.swift */ = {isa = PBXFileReference; lastKnownFileType = sourcecode.swift; path = TCA_QuotesUITests.swift; sourceTree = "<group>"; };
		0FDC9C2C2A37382500D87915 /* TCA_QuotesUITestsLaunchTests.swift */ = {isa = PBXFileReference; lastKnownFileType = sourcecode.swift; path = TCA_QuotesUITestsLaunchTests.swift; sourceTree = "<group>"; };
/* End PBXFileReference section */

/* Begin PBXFrameworksBuildPhase section */
		0FDC9C092A37382400D87915 /* Frameworks */ = {
			isa = PBXFrameworksBuildPhase;
			buildActionMask = 2147483647;
			files = (
			);
			runOnlyForDeploymentPostprocessing = 0;
		};
		0FDC9C192A37382500D87915 /* Frameworks */ = {
			isa = PBXFrameworksBuildPhase;
			buildActionMask = 2147483647;
			files = (
			);
			runOnlyForDeploymentPostprocessing = 0;
		};
		0FDC9C232A37382500D87915 /* Frameworks */ = {
			isa = PBXFrameworksBuildPhase;
			buildActionMask = 2147483647;
			files = (
			);
			runOnlyForDeploymentPostprocessing = 0;
		};
/* End PBXFrameworksBuildPhase section */

/* Begin PBXGroup section */
		0FDC9C032A37382300D87915 = {
			isa = PBXGroup;
			children = (
				0FDC9C0E2A37382400D87915 /* TCA Quotes */,
				0FDC9C1F2A37382500D87915 /* TCA QuotesTests */,
				0FDC9C292A37382500D87915 /* TCA QuotesUITests */,
				0FDC9C0D2A37382400D87915 /* Products */,
			);
			sourceTree = "<group>";
		};
		0FDC9C0D2A37382400D87915 /* Products */ = {
			isa = PBXGroup;
			children = (
				0FDC9C0C2A37382400D87915 /* TCA Quotes.app */,
				0FDC9C1C2A37382500D87915 /* TCA QuotesTests.xctest */,
				0FDC9C262A37382500D87915 /* TCA QuotesUITests.xctest */,
			);
			name = Products;
			sourceTree = "<group>";
		};
		0FDC9C0E2A37382400D87915 /* TCA Quotes */ = {
			isa = PBXGroup;
			children = (
				0FDC9C0F2A37382400D87915 /* TCA_QuotesApp.swift */,
				0FDC9C112A37382400D87915 /* ContentView.swift */,
				0FDC9C132A37382500D87915 /* Assets.xcassets */,
				0FDC9C152A37382500D87915 /* Preview Content */,
			);
			path = "TCA Quotes";
			sourceTree = "<group>";
		};
		0FDC9C152A37382500D87915 /* Preview Content */ = {
			isa = PBXGroup;
			children = (
				0FDC9C162A37382500D87915 /* Preview Assets.xcassets */,
			);
			path = "Preview Content";
			sourceTree = "<group>";
		};
		0FDC9C1F2A37382500D87915 /* TCA QuotesTests */ = {
			isa = PBXGroup;
			children = (
				0FDC9C202A37382500D87915 /* TCA_QuotesTests.swift */,
			);
			path = "TCA QuotesTests";
			sourceTree = "<group>";
		};
		0FDC9C292A37382500D87915 /* TCA QuotesUITests */ = {
			isa = PBXGroup;
			children = (
				0FDC9C2A2A37382500D87915 /* TCA_QuotesUITests.swift */,
				0FDC9C2C2A37382500D87915 /* TCA_QuotesUITestsLaunchTests.swift */,
			);
			path = "TCA QuotesUITests";
			sourceTree = "<group>";
		};
/* End PBXGroup section */

/* Begin PBXNativeTarget section */
		0FDC9C0B2A37382400D87915 /* TCA Quotes */ = {
			isa = PBXNativeTarget;
			buildConfigurationList = 0FDC9C302A37382500D87915 /* Build configuration list for PBXNativeTarget "TCA Quotes" */;
			buildPhases = (
				0FDC9C082A37382400D87915 /* Sources */,
				0FDC9C092A37382400D87915 /* Frameworks */,
				0FDC9C0A2A37382400D87915 /* Resources */,
			);
			buildRules = (
			);
			dependencies = (
			);
			name = "TCA Quotes";
			productName = "TCA Quotes";
			productReference = 0FDC9C0C2A37382400D87915 /* TCA Quotes.app */;
			productType = "com.apple.product-type.application";
		};
		0FDC9C1B2A37382500D87915 /* TCA QuotesTests */ = {
			isa = PBXNativeTarget;
			buildConfigurationList = 0FDC9C332A37382500D87915 /* Build configuration list for PBXNativeTarget "TCA QuotesTests" */;
			buildPhases = (
				0FDC9C182A37382500D87915 /* Sources */,
				0FDC9C192A37382500D87915 /* Frameworks */,
				0FDC9C1A2A37382500D87915 /* Resources */,
			);
			buildRules = (
			);
			dependencies = (
				0FDC9C1E2A37382500D87915 /* PBXTargetDependency */,
			);
			name = "TCA QuotesTests";
			productName = "TCA QuotesTests";
			productReference = 0FDC9C1C2A37382500D87915 /* TCA QuotesTests.xctest */;
			productType = "com.apple.product-type.bundle.unit-test";
		};
		0FDC9C252A37382500D87915 /* TCA QuotesUITests */ = {
			isa = PBXNativeTarget;
			buildConfigurationList = 0FDC9C362A37382500D87915 /* Build configuration list for PBXNativeTarget "TCA QuotesUITests" */;
			buildPhases = (
				0FDC9C222A37382500D87915 /* Sources */,
				0FDC9C232A37382500D87915 /* Frameworks */,
				0FDC9C242A37382500D87915 /* Resources */,
			);
			buildRules = (
			);
			dependencies = (
				0FDC9C282A37382500D87915 /* PBXTargetDependency */,
			);
			name = "TCA QuotesUITests";
			productName = "TCA QuotesUITests";
			productReference = 0FDC9C262A37382500D87915 /* TCA QuotesUITests.xctest */;
			productType = "com.apple.product-type.bundle.ui-testing";
		};
/* End PBXNativeTarget section */

/* Begin PBXProject section */
		0FDC9C042A37382300D87915 /* Project object */ = {
			isa = PBXProject;
			attributes = {
				BuildIndependentTargetsInParallel = 1;
				LastSwiftUpdateCheck = 1430;
				LastUpgradeCheck = 1430;
				TargetAttributes = {
					0FDC9C0B2A37382400D87915 = {
						CreatedOnToolsVersion = 14.3.1;
					};
					0FDC9C1B2A37382500D87915 = {
						CreatedOnToolsVersion = 14.3.1;
						TestTargetID = 0FDC9C0B2A37382400D87915;
					};
					0FDC9C252A37382500D87915 = {
						CreatedOnToolsVersion = 14.3.1;
						TestTargetID = 0FDC9C0B2A37382400D87915;
					};
				};
			};
			buildConfigurationList = 0FDC9C072A37382300D87915 /* Build configuration list for PBXProject "TCA Quotes" */;
			compatibilityVersion = "Xcode 14.0";
			developmentRegion = en;
			hasScannedForEncodings = 0;
			knownRegions = (
				en,
				Base,
			);
			mainGroup = 0FDC9C032A37382300D87915;
			productRefGroup = 0FDC9C0D2A37382400D87915 /* Products */;
			projectDirPath = "";
			projectRoot = "";
			targets = (
				0FDC9C0B2A37382400D87915 /* TCA Quotes */,
				0FDC9C1B2A37382500D87915 /* TCA QuotesTests */,
				0FDC9C252A37382500D87915 /* TCA QuotesUITests */,
			);
		};
/* End PBXProject section */

/* Begin PBXResourcesBuildPhase section */
		0FDC9C0A2A37382400D87915 /* Resources */ = {
			isa = PBXResourcesBuildPhase;
			buildActionMask = 2147483647;
			files = (
				0FDC9C172A37382500D87915 /* Preview Assets.xcassets in Resources */,
				0FDC9C142A37382500D87915 /* Assets.xcassets in Resources */,
			);
			runOnlyForDeploymentPostprocessing = 0;
		};
		0FDC9C1A2A37382500D87915 /* Resources */ = {
			isa = PBXResourcesBuildPhase;
			buildActionMask = 2147483647;
			files = (
			);
			runOnlyForDeploymentPostprocessing = 0;
		};
		0FDC9C242A37382500D87915 /* Resources */ = {
			isa = PBXResourcesBuildPhase;
			buildActionMask = 2147483647;
			files = (
			);
			runOnlyForDeploymentPostprocessing = 0;
		};
/* End PBXResourcesBuildPhase section */

/* Begin PBXSourcesBuildPhase section */
		0FDC9C082A37382400D87915 /* Sources */ = {
			isa = PBXSourcesBuildPhase;
			buildActionMask = 2147483647;
			files = (
				0FDC9C122A37382400D87915 /* ContentView.swift in Sources */,
				0FDC9C102A37382400D87915 /* TCA_QuotesApp.swift in Sources */,
			);
			runOnlyForDeploymentPostprocessing = 0;
		};
		0FDC9C182A37382500D87915 /* Sources */ = {
			isa = PBXSourcesBuildPhase;
			buildActionMask = 2147483647;
			files = (
				0FDC9C212A37382500D87915 /* TCA_QuotesTests.swift in Sources */,
			);
			runOnlyForDeploymentPostprocessing = 0;
		};
		0FDC9C222A37382500D87915 /* Sources */ = {
			isa = PBXSourcesBuildPhase;
			buildActionMask = 2147483647;
			files = (
				0FDC9C2D2A37382500D87915 /* TCA_QuotesUITestsLaunchTests.swift in Sources */,
				0FDC9C2B2A37382500D87915 /* TCA_QuotesUITests.swift in Sources */,
			);
			runOnlyForDeploymentPostprocessing = 0;
		};
/* End PBXSourcesBuildPhase section */

/* Begin PBXTargetDependency section */
		0FDC9C1E2A37382500D87915 /* PBXTargetDependency */ = {
			isa = PBXTargetDependency;
			target = 0FDC9C0B2A37382400D87915 /* TCA Quotes */;
			targetProxy = 0FDC9C1D2A37382500D87915 /* PBXContainerItemProxy */;
		};
		0FDC9C282A37382500D87915 /* PBXTargetDependency */ = {
			isa = PBXTargetDependency;
			target = 0FDC9C0B2A37382400D87915 /* TCA Quotes */;
			targetProxy = 0FDC9C272A37382500D87915 /* PBXContainerItemProxy */;
		};
/* End PBXTargetDependency section */

/* Begin XCBuildConfiguration section */
		0FDC9C2E2A37382500D87915 /* Debug */ = {
			isa = XCBuildConfiguration;
			buildSettings = {
				ALWAYS_SEARCH_USER_PATHS = NO;
				CLANG_ANALYZER_NONNULL = YES;
				CLANG_ANALYZER_NUMBER_OBJECT_CONVERSION = YES_AGGRESSIVE;
				CLANG_CXX_LANGUAGE_STANDARD = "gnu++20";
				CLANG_ENABLE_MODULES = YES;
				CLANG_ENABLE_OBJC_ARC = YES;
				CLANG_ENABLE_OBJC_WEAK = YES;
				CLANG_WARN_BLOCK_CAPTURE_AUTORELEASING = YES;
				CLANG_WARN_BOOL_CONVERSION = YES;
				CLANG_WARN_COMMA = YES;
				CLANG_WARN_CONSTANT_CONVERSION = YES;
				CLANG_WARN_DEPRECATED_OBJC_IMPLEMENTATIONS = YES;
				CLANG_WARN_DIRECT_OBJC_ISA_USAGE = YES_ERROR;
				CLANG_WARN_DOCUMENTATION_COMMENTS = YES;
				CLANG_WARN_EMPTY_BODY = YES;
				CLANG_WARN_ENUM_CONVERSION = YES;
				CLANG_WARN_INFINITE_RECURSION = YES;
				CLANG_WARN_INT_CONVERSION = YES;
				CLANG_WARN_NON_LITERAL_NULL_CONVERSION = YES;
				CLANG_WARN_OBJC_IMPLICIT_RETAIN_SELF = YES;
				CLANG_WARN_OBJC_LITERAL_CONVERSION = YES;
				CLANG_WARN_OBJC_ROOT_CLASS = YES_ERROR;
				CLANG_WARN_QUOTED_INCLUDE_IN_FRAMEWORK_HEADER = YES;
				CLANG_WARN_RANGE_LOOP_ANALYSIS = YES;
				CLANG_WARN_STRICT_PROTOTYPES = YES;
				CLANG_WARN_SUSPICIOUS_MOVE = YES;
				CLANG_WARN_UNGUARDED_AVAILABILITY = YES_AGGRESSIVE;
				CLANG_WARN_UNREACHABLE_CODE = YES;
				CLANG_WARN__DUPLICATE_METHOD_MATCH = YES;
				COPY_PHASE_STRIP = NO;
				DEBUG_INFORMATION_FORMAT = dwarf;
				ENABLE_STRICT_OBJC_MSGSEND = YES;
				ENABLE_TESTABILITY = YES;
				GCC_C_LANGUAGE_STANDARD = gnu11;
				GCC_DYNAMIC_NO_PIC = NO;
				GCC_NO_COMMON_BLOCKS = YES;
				GCC_OPTIMIZATION_LEVEL = 0;
				GCC_PREPROCESSOR_DEFINITIONS = (
					"DEBUG=1",
					"$(inherited)",
				);
				GCC_WARN_64_TO_32_BIT_CONVERSION = YES;
				GCC_WARN_ABOUT_RETURN_TYPE = YES_ERROR;
				GCC_WARN_UNDECLARED_SELECTOR = YES;
				GCC_WARN_UNINITIALIZED_AUTOS = YES_AGGRESSIVE;
				GCC_WARN_UNUSED_FUNCTION = YES;
				GCC_WARN_UNUSED_VARIABLE = YES;
				IPHONEOS_DEPLOYMENT_TARGET = 16.4;
				MTL_ENABLE_DEBUG_INFO = INCLUDE_SOURCE;
				MTL_FAST_MATH = YES;
				ONLY_ACTIVE_ARCH = YES;
				SDKROOT = iphoneos;
				SWIFT_ACTIVE_COMPILATION_CONDITIONS = DEBUG;
				SWIFT_OPTIMIZATION_LEVEL = "-Onone";
			};
			name = Debug;
		};
		0FDC9C2F2A37382500D87915 /* Release */ = {
			isa = XCBuildConfiguration;
			buildSettings = {
				ALWAYS_SEARCH_USER_PATHS = NO;
				CLANG_ANALYZER_NONNULL = YES;
				CLANG_ANALYZER_NUMBER_OBJECT_CONVERSION = YES_AGGRESSIVE;
				CLANG_CXX_LANGUAGE_STANDARD = "gnu++20";
				CLANG_ENABLE_MODULES = YES;
				CLANG_ENABLE_OBJC_ARC = YES;
				CLANG_ENABLE_OBJC_WEAK = YES;
				CLANG_WARN_BLOCK_CAPTURE_AUTORELEASING = YES;
				CLANG_WARN_BOOL_CONVERSION = YES;
				CLANG_WARN_COMMA = YES;
				CLANG_WARN_CONSTANT_CONVERSION = YES;
				CLANG_WARN_DEPRECATED_OBJC_IMPLEMENTATIONS = YES;
				CLANG_WARN_DIRECT_OBJC_ISA_USAGE = YES_ERROR;
				CLANG_WARN_DOCUMENTATION_COMMENTS = YES;
				CLANG_WARN_EMPTY_BODY = YES;
				CLANG_WARN_ENUM_CONVERSION = YES;
				CLANG_WARN_INFINITE_RECURSION = YES;
				CLANG_WARN_INT_CONVERSION = YES;
				CLANG_WARN_NON_LITERAL_NULL_CONVERSION = YES;
				CLANG_WARN_OBJC_IMPLICIT_RETAIN_SELF = YES;
				CLANG_WARN_OBJC_LITERAL_CONVERSION = YES;
				CLANG_WARN_OBJC_ROOT_CLASS = YES_ERROR;
				CLANG_WARN_QUOTED_INCLUDE_IN_FRAMEWORK_HEADER = YES;
				CLANG_WARN_RANGE_LOOP_ANALYSIS = YES;
				CLANG_WARN_STRICT_PROTOTYPES = YES;
				CLANG_WARN_SUSPICIOUS_MOVE = YES;
				CLANG_WARN_UNGUARDED_AVAILABILITY = YES_AGGRESSIVE;
				CLANG_WARN_UNREACHABLE_CODE = YES;
				CLANG_WARN__DUPLICATE_METHOD_MATCH = YES;
				COPY_PHASE_STRIP = NO;
				DEBUG_INFORMATION_FORMAT = "dwarf-with-dsym";
				ENABLE_NS_ASSERTIONS = NO;
				ENABLE_STRICT_OBJC_MSGSEND = YES;
				GCC_C_LANGUAGE_STANDARD = gnu11;
				GCC_NO_COMMON_BLOCKS = YES;
				GCC_WARN_64_TO_32_BIT_CONVERSION = YES;
				GCC_WARN_ABOUT_RETURN_TYPE = YES_ERROR;
				GCC_WARN_UNDECLARED_SELECTOR = YES;
				GCC_WARN_UNINITIALIZED_AUTOS = YES_AGGRESSIVE;
				GCC_WARN_UNUSED_FUNCTION = YES;
				GCC_WARN_UNUSED_VARIABLE = YES;
				IPHONEOS_DEPLOYMENT_TARGET = 16.4;
				MTL_ENABLE_DEBUG_INFO = NO;
				MTL_FAST_MATH = YES;
				SDKROOT = iphoneos;
				SWIFT_COMPILATION_MODE = wholemodule;
				SWIFT_OPTIMIZATION_LEVEL = "-O";
				VALIDATE_PRODUCT = YES;
			};
			name = Release;
		};
		0FDC9C312A37382500D87915 /* Debug */ = {
			isa = XCBuildConfiguration;
			buildSettings = {
				ASSETCATALOG_COMPILER_APPICON_NAME = AppIcon;
				ASSETCATALOG_COMPILER_GLOBAL_ACCENT_COLOR_NAME = AccentColor;
				CODE_SIGN_STYLE = Automatic;
				CURRENT_PROJECT_VERSION = 1;
				DEVELOPMENT_ASSET_PATHS = "\"TCA Quotes/Preview Content\"";
				DEVELOPMENT_TEAM = JYQ7ND58GQ;
				ENABLE_PREVIEWS = YES;
				GENERATE_INFOPLIST_FILE = YES;
				INFOPLIST_KEY_UIApplicationSceneManifest_Generation = YES;
				INFOPLIST_KEY_UIApplicationSupportsIndirectInputEvents = YES;
				INFOPLIST_KEY_UILaunchScreen_Generation = YES;
				INFOPLIST_KEY_UISupportedInterfaceOrientations_iPad = "UIInterfaceOrientationPortrait UIInterfaceOrientationPortraitUpsideDown UIInterfaceOrientationLandscapeLeft UIInterfaceOrientationLandscapeRight";
				INFOPLIST_KEY_UISupportedInterfaceOrientations_iPhone = "UIInterfaceOrientationPortrait UIInterfaceOrientationLandscapeLeft UIInterfaceOrientationLandscapeRight";
				LD_RUNPATH_SEARCH_PATHS = (
					"$(inherited)",
					"@executable_path/Frameworks",
				);
				MARKETING_VERSION = 1.0;
				PRODUCT_BUNDLE_IDENTIFIER = "com.yehorpodolskyi.TCA-Quotes";
				PRODUCT_NAME = "$(TARGET_NAME)";
				SWIFT_EMIT_LOC_STRINGS = YES;
				SWIFT_VERSION = 5.0;
				TARGETED_DEVICE_FAMILY = "1,2";
			};
			name = Debug;
		};
		0FDC9C322A37382500D87915 /* Release */ = {
			isa = XCBuildConfiguration;
			buildSettings = {
				ASSETCATALOG_COMPILER_APPICON_NAME = AppIcon;
				ASSETCATALOG_COMPILER_GLOBAL_ACCENT_COLOR_NAME = AccentColor;
				CODE_SIGN_STYLE = Automatic;
				CURRENT_PROJECT_VERSION = 1;
				DEVELOPMENT_ASSET_PATHS = "\"TCA Quotes/Preview Content\"";
				DEVELOPMENT_TEAM = JYQ7ND58GQ;
				ENABLE_PREVIEWS = YES;
				GENERATE_INFOPLIST_FILE = YES;
				INFOPLIST_KEY_UIApplicationSceneManifest_Generation = YES;
				INFOPLIST_KEY_UIApplicationSupportsIndirectInputEvents = YES;
				INFOPLIST_KEY_UILaunchScreen_Generation = YES;
				INFOPLIST_KEY_UISupportedInterfaceOrientations_iPad = "UIInterfaceOrientationPortrait UIInterfaceOrientationPortraitUpsideDown UIInterfaceOrientationLandscapeLeft UIInterfaceOrientationLandscapeRight";
				INFOPLIST_KEY_UISupportedInterfaceOrientations_iPhone = "UIInterfaceOrientationPortrait UIInterfaceOrientationLandscapeLeft UIInterfaceOrientationLandscapeRight";
				LD_RUNPATH_SEARCH_PATHS = (
					"$(inherited)",
					"@executable_path/Frameworks",
				);
				MARKETING_VERSION = 1.0;
				PRODUCT_BUNDLE_IDENTIFIER = "com.yehorpodolskyi.TCA-Quotes";
				PRODUCT_NAME = "$(TARGET_NAME)";
				SWIFT_EMIT_LOC_STRINGS = YES;
				SWIFT_VERSION = 5.0;
				TARGETED_DEVICE_FAMILY = "1,2";
			};
			name = Release;
		};
		0FDC9C342A37382500D87915 /* Debug */ = {
			isa = XCBuildConfiguration;
			buildSettings = {
				ALWAYS_EMBED_SWIFT_STANDARD_LIBRARIES = YES;
				BUNDLE_LOADER = "$(TEST_HOST)";
				CODE_SIGN_STYLE = Automatic;
				CURRENT_PROJECT_VERSION = 1;
				DEVELOPMENT_TEAM = JYQ7ND58GQ;
				GENERATE_INFOPLIST_FILE = YES;
				IPHONEOS_DEPLOYMENT_TARGET = 16.4;
				MARKETING_VERSION = 1.0;
				PRODUCT_BUNDLE_IDENTIFIER = "com.yehorpodolskyi.TCA-QuotesTests";
				PRODUCT_NAME = "$(TARGET_NAME)";
				SWIFT_EMIT_LOC_STRINGS = NO;
				SWIFT_VERSION = 5.0;
				TARGETED_DEVICE_FAMILY = "1,2";
				TEST_HOST = "$(BUILT_PRODUCTS_DIR)/TCA Quotes.app/$(BUNDLE_EXECUTABLE_FOLDER_PATH)/TCA Quotes";
			};
			name = Debug;
		};
		0FDC9C352A37382500D87915 /* Release */ = {
			isa = XCBuildConfiguration;
			buildSettings = {
				ALWAYS_EMBED_SWIFT_STANDARD_LIBRARIES = YES;
				BUNDLE_LOADER = "$(TEST_HOST)";
				CODE_SIGN_STYLE = Automatic;
				CURRENT_PROJECT_VERSION = 1;
				DEVELOPMENT_TEAM = JYQ7ND58GQ;
				GENERATE_INFOPLIST_FILE = YES;
				IPHONEOS_DEPLOYMENT_TARGET = 16.4;
				MARKETING_VERSION = 1.0;
				PRODUCT_BUNDLE_IDENTIFIER = "com.yehorpodolskyi.TCA-QuotesTests";
				PRODUCT_NAME = "$(TARGET_NAME)";
				SWIFT_EMIT_LOC_STRINGS = NO;
				SWIFT_VERSION = 5.0;
				TARGETED_DEVICE_FAMILY = "1,2";
				TEST_HOST = "$(BUILT_PRODUCTS_DIR)/TCA Quotes.app/$(BUNDLE_EXECUTABLE_FOLDER_PATH)/TCA Quotes";
			};
			name = Release;
		};
		0FDC9C372A37382500D87915 /* Debug */ = {
			isa = XCBuildConfiguration;
			buildSettings = {
				ALWAYS_EMBED_SWIFT_STANDARD_LIBRARIES = YES;
				CODE_SIGN_STYLE = Automatic;
				CURRENT_PROJECT_VERSION = 1;
				DEVELOPMENT_TEAM = JYQ7ND58GQ;
				GENERATE_INFOPLIST_FILE = YES;
				MARKETING_VERSION = 1.0;
				PRODUCT_BUNDLE_IDENTIFIER = "com.yehorpodolskyi.TCA-QuotesUITests";
				PRODUCT_NAME = "$(TARGET_NAME)";
				SWIFT_EMIT_LOC_STRINGS = NO;
				SWIFT_VERSION = 5.0;
				TARGETED_DEVICE_FAMILY = "1,2";
				TEST_TARGET_NAME = "TCA Quotes";
			};
			name = Debug;
		};
		0FDC9C382A37382500D87915 /* Release */ = {
			isa = XCBuildConfiguration;
			buildSettings = {
				ALWAYS_EMBED_SWIFT_STANDARD_LIBRARIES = YES;
				CODE_SIGN_STYLE = Automatic;
				CURRENT_PROJECT_VERSION = 1;
				DEVELOPMENT_TEAM = JYQ7ND58GQ;
				GENERATE_INFOPLIST_FILE = YES;
				MARKETING_VERSION = 1.0;
				PRODUCT_BUNDLE_IDENTIFIER = "com.yehorpodolskyi.TCA-QuotesUITests";
				PRODUCT_NAME = "$(TARGET_NAME)";
				SWIFT_EMIT_LOC_STRINGS = NO;
				SWIFT_VERSION = 5.0;
				TARGETED_DEVICE_FAMILY = "1,2";
				TEST_TARGET_NAME = "TCA Quotes";
			};
			name = Release;
		};
/* End XCBuildConfiguration section */

/* Begin XCConfigurationList section */
		0FDC9C072A37382300D87915 /* Build configuration list for PBXProject "TCA Quotes" */ = {
			isa = XCConfigurationList;
			buildConfigurations = (
				0FDC9C2E2A37382500D87915 /* Debug */,
				0FDC9C2F2A37382500D87915 /* Release */,
			);
			defaultConfigurationIsVisible = 0;
			defaultConfigurationName = Release;
		};
		0FDC9C302A37382500D87915 /* Build configuration list for PBXNativeTarget "TCA Quotes" */ = {
			isa = XCConfigurationList;
			buildConfigurations = (
				0FDC9C312A37382500D87915 /* Debug */,
				0FDC9C322A37382500D87915 /* Release */,
			);
			defaultConfigurationIsVisible = 0;
			defaultConfigurationName = Release;
		};
		0FDC9C332A37382500D87915 /* Build configuration list for PBXNativeTarget "TCA QuotesTests" */ = {
			isa = XCConfigurationList;
			buildConfigurations = (
				0FDC9C342A37382500D87915 /* Debug */,
				0FDC9C352A37382500D87915 /* Release */,
			);
			defaultConfigurationIsVisible = 0;
			defaultConfigurationName = Release;
		};
		0FDC9C362A37382500D87915 /* Build configuration list for PBXNativeTarget "TCA QuotesUITests" */ = {
			isa = XCConfigurationList;
			buildConfigurations = (
				0FDC9C372A37382500D87915 /* Debug */,
				0FDC9C382A37382500D87915 /* Release */,
			);
			defaultConfigurationIsVisible = 0;
			defaultConfigurationName = Release;
		};
/* End XCConfigurationList section */
	};
	rootObject = 0FDC9C042A37382300D87915 /* Project object */;
}
